
Microsoft Visual Studio Solution File, Format Version 12.00
# Visual Studio Version 16
VisualStudioVersion = 16.0.30621.155
MinimumVisualStudioVersion = 10.0.40219.1
Project("{FAE04EC0-301F-11D3-BF4B-00C04F79EFBC}") = "Homework5", "Homework5.csproj", "{4F2982FB-4879-4618-A3F1-EF81DB8A6E84}"
EndProject
Global
	GlobalSection(SolutionConfigurationPlatforms) = preSolution
		Debug|Any CPU = Debug|Any CPU
		Release|Any CPU = Release|Any CPU
	EndGlobalSection
	GlobalSection(ProjectConfigurationPlatforms) = postSolution
		{4F2982FB-4879-4618-A3F1-EF81DB8A6E84}.Debug|Any CPU.ActiveCfg = Debug|Any CPU
		{4F2982FB-4879-4618-A3F1-EF81DB8A6E84}.Debug|Any CPU.Build.0 = Debug|Any CPU
		{4F2982FB-4879-4618-A3F1-EF81DB8A6E84}.Release|Any CPU.ActiveCfg = Release|Any CPU
		{4F2982FB-4879-4618-A3F1-EF81DB8A6E84}.Release|Any CPU.Build.0 = Release|Any CPU
	EndGlobalSection
	GlobalSection(SolutionProperties) = preSolution
		HideSolutionNode = FALSE
	EndGlobalSection
	GlobalSection(ExtensibilityGlobals) = postSolution
		SolutionGuid = {4CAB07FF-7E54-4E0F-BF4E-4884960E2A99}
	EndGlobalSection
EndGlobal
